
Microsoft Visual Studio Solution File, Format Version 12.00
# Visual Studio 15
VisualStudioVersion = 15.0.27130.2036
MinimumVisualStudioVersion = 10.0.40219.1
Project("{9A19103F-16F7-4668-BE54-9A1E7A4F7556}") = "SolToBoogie", "SolToBoogie\SolToBoogie.csproj", "{59597B6D-F34D-4FB1-97CB-070DA34C281B}"
EndProject
Project("{9A19103F-16F7-4668-BE54-9A1E7A4F7556}") = "SolidityAST", "SolidityAST\SolidityAST.csproj", "{945006A9-F4EB-4A47-9015-C458D85BD055}"
EndProject
Project("{9A19103F-16F7-4668-BE54-9A1E7A4F7556}") = "BoogieAST", "BoogieAST\BoogieAST.csproj", "{2CF88D19-5E50-4E31-929F-AB8B411C7D6E}"
EndProject
Project("{9A19103F-16F7-4668-BE54-9A1E7A4F7556}") = "SolidityCFG", "SolidityCFG\SolidityCFG.csproj", "{7F7E8937-0BAA-451D-884B-DE982DDE4FD3}"
EndProject
Project("{9A19103F-16F7-4668-BE54-9A1E7A4F7556}") = "SolToBoogieTest", "SolToBoogieTest\SolToBoogieTest.csproj", "{6F8F5214-7E0C-4377-B5F2-6D3A553AA8D9}"
EndProject
Project("{9A19103F-16F7-4668-BE54-9A1E7A4F7556}") = "VeriSol", "VeriSol\VeriSol.csproj", "{2362BC10-65A2-419D-8A41-0FE33FF4FC16}"
EndProject
Project("{9A19103F-16F7-4668-BE54-9A1E7A4F7556}") = "ExternalToolsManager", "ExternalToolsManager\ExternalToolsManager.csproj", "{BF09262B-4902-4B54-8888-A9BDB65AF0D0}"
EndProject
Global
	GlobalSection(SolutionConfigurationPlatforms) = preSolution
		Debug|Any CPU = Debug|Any CPU
		Debug|x64 = Debug|x64
		Debug|x86 = Debug|x86
		Release|Any CPU = Release|Any CPU
		Release|x64 = Release|x64
		Release|x86 = Release|x86
	EndGlobalSection
	GlobalSection(ProjectConfigurationPlatforms) = postSolution
		{59597B6D-F34D-4FB1-97CB-070DA34C281B}.Debug|Any CPU.ActiveCfg = Debug|Any CPU
		{59597B6D-F34D-4FB1-97CB-070DA34C281B}.Debug|Any CPU.Build.0 = Debug|Any CPU
		{59597B6D-F34D-4FB1-97CB-070DA34C281B}.Debug|x64.ActiveCfg = Debug|Any CPU
		{59597B6D-F34D-4FB1-97CB-070DA34C281B}.Debug|x64.Build.0 = Debug|Any CPU
		{59597B6D-F34D-4FB1-97CB-070DA34C281B}.Debug|x86.ActiveCfg = Debug|Any CPU
		{59597B6D-F34D-4FB1-97CB-070DA34C281B}.Debug|x86.Build.0 = Debug|Any CPU
		{59597B6D-F34D-4FB1-97CB-070DA34C281B}.Release|Any CPU.ActiveCfg = Release|Any CPU
		{59597B6D-F34D-4FB1-97CB-070DA34C281B}.Release|Any CPU.Build.0 = Release|Any CPU
		{59597B6D-F34D-4FB1-97CB-070DA34C281B}.Release|x64.ActiveCfg = Release|Any CPU
		{59597B6D-F34D-4FB1-97CB-070DA34C281B}.Release|x64.Build.0 = Release|Any CPU
		{59597B6D-F34D-4FB1-97CB-070DA34C281B}.Release|x86.ActiveCfg = Release|Any CPU
		{59597B6D-F34D-4FB1-97CB-070DA34C281B}.Release|x86.Build.0 = Release|Any CPU
		{945006A9-F4EB-4A47-9015-C458D85BD055}.Debug|Any CPU.ActiveCfg = Debug|Any CPU
		{945006A9-F4EB-4A47-9015-C458D85BD055}.Debug|Any CPU.Build.0 = Debug|Any CPU
		{945006A9-F4EB-4A47-9015-C458D85BD055}.Debug|x64.ActiveCfg = Debug|Any CPU
		{945006A9-F4EB-4A47-9015-C458D85BD055}.Debug|x64.Build.0 = Debug|Any CPU
		{945006A9-F4EB-4A47-9015-C458D85BD055}.Debug|x86.ActiveCfg = Debug|Any CPU
		{945006A9-F4EB-4A47-9015-C458D85BD055}.Debug|x86.Build.0 = Debug|Any CPU
		{945006A9-F4EB-4A47-9015-C458D85BD055}.Release|Any CPU.ActiveCfg = Release|Any CPU
		{945006A9-F4EB-4A47-9015-C458D85BD055}.Release|Any CPU.Build.0 = Release|Any CPU
		{945006A9-F4EB-4A47-9015-C458D85BD055}.Release|x64.ActiveCfg = Release|Any CPU
		{945006A9-F4EB-4A47-9015-C458D85BD055}.Release|x64.Build.0 = Release|Any CPU
		{945006A9-F4EB-4A47-9015-C458D85BD055}.Release|x86.ActiveCfg = Release|Any CPU
		{945006A9-F4EB-4A47-9015-C458D85BD055}.Release|x86.Build.0 = Release|Any CPU
		{2CF88D19-5E50-4E31-929F-AB8B411C7D6E}.Debug|Any CPU.ActiveCfg = Debug|Any CPU
		{2CF88D19-5E50-4E31-929F-AB8B411C7D6E}.Debug|Any CPU.Build.0 = Debug|Any CPU
		{2CF88D19-5E50-4E31-929F-AB8B411C7D6E}.Debug|x64.ActiveCfg = Debug|Any CPU
		{2CF88D19-5E50-4E31-929F-AB8B411C7D6E}.Debug|x64.Build.0 = Debug|Any CPU
		{2CF88D19-5E50-4E31-929F-AB8B411C7D6E}.Debug|x86.ActiveCfg = Debug|Any CPU
		{2CF88D19-5E50-4E31-929F-AB8B411C7D6E}.Debug|x86.Build.0 = Debug|Any CPU
		{2CF88D19-5E50-4E31-929F-AB8B411C7D6E}.Release|Any CPU.ActiveCfg = Release|Any CPU
		{2CF88D19-5E50-4E31-929F-AB8B411C7D6E}.Release|Any CPU.Build.0 = Release|Any CPU
		{2CF88D19-5E50-4E31-929F-AB8B411C7D6E}.Release|x64.ActiveCfg = Release|Any CPU
		{2CF88D19-5E50-4E31-929F-AB8B411C7D6E}.Release|x64.Build.0 = Release|Any CPU
		{2CF88D19-5E50-4E31-929F-AB8B411C7D6E}.Release|x86.ActiveCfg = Release|Any CPU
		{2CF88D19-5E50-4E31-929F-AB8B411C7D6E}.Release|x86.Build.0 = Release|Any CPU
		{7F7E8937-0BAA-451D-884B-DE982DDE4FD3}.Debug|Any CPU.ActiveCfg = Debug|Any CPU
		{7F7E8937-0BAA-451D-884B-DE982DDE4FD3}.Debug|Any CPU.Build.0 = Debug|Any CPU
		{7F7E8937-0BAA-451D-884B-DE982DDE4FD3}.Debug|x64.ActiveCfg = Debug|Any CPU
		{7F7E8937-0BAA-451D-884B-DE982DDE4FD3}.Debug|x64.Build.0 = Debug|Any CPU
		{7F7E8937-0BAA-451D-884B-DE982DDE4FD3}.Debug|x86.ActiveCfg = Debug|Any CPU
		{7F7E8937-0BAA-451D-884B-DE982DDE4FD3}.Debug|x86.Build.0 = Debug|Any CPU
		{7F7E8937-0BAA-451D-884B-DE982DDE4FD3}.Release|Any CPU.ActiveCfg = Release|Any CPU
		{7F7E8937-0BAA-451D-884B-DE982DDE4FD3}.Release|Any CPU.Build.0 = Release|Any CPU
		{7F7E8937-0BAA-451D-884B-DE982DDE4FD3}.Release|x64.ActiveCfg = Release|Any CPU
		{7F7E8937-0BAA-451D-884B-DE982DDE4FD3}.Release|x64.Build.0 = Release|Any CPU
		{7F7E8937-0BAA-451D-884B-DE982DDE4FD3}.Release|x86.ActiveCfg = Release|Any CPU
		{7F7E8937-0BAA-451D-884B-DE982DDE4FD3}.Release|x86.Build.0 = Release|Any CPU
		{6F8F5214-7E0C-4377-B5F2-6D3A553AA8D9}.Debug|Any CPU.ActiveCfg = Debug|Any CPU
		{6F8F5214-7E0C-4377-B5F2-6D3A553AA8D9}.Debug|Any CPU.Build.0 = Debug|Any CPU
		{6F8F5214-7E0C-4377-B5F2-6D3A553AA8D9}.Debug|x64.ActiveCfg = Debug|Any CPU
		{6F8F5214-7E0C-4377-B5F2-6D3A553AA8D9}.Debug|x64.Build.0 = Debug|Any CPU
		{6F8F5214-7E0C-4377-B5F2-6D3A553AA8D9}.Debug|x86.ActiveCfg = Debug|Any CPU
		{6F8F5214-7E0C-4377-B5F2-6D3A553AA8D9}.Debug|x86.Build.0 = Debug|Any CPU
		{6F8F5214-7E0C-4377-B5F2-6D3A553AA8D9}.Release|Any CPU.ActiveCfg = Release|Any CPU
		{6F8F5214-7E0C-4377-B5F2-6D3A553AA8D9}.Release|Any CPU.Build.0 = Release|Any CPU
		{6F8F5214-7E0C-4377-B5F2-6D3A553AA8D9}.Release|x64.ActiveCfg = Release|Any CPU
		{6F8F5214-7E0C-4377-B5F2-6D3A553AA8D9}.Release|x64.Build.0 = Release|Any CPU
		{6F8F5214-7E0C-4377-B5F2-6D3A553AA8D9}.Release|x86.ActiveCfg = Release|Any CPU
		{6F8F5214-7E0C-4377-B5F2-6D3A553AA8D9}.Release|x86.Build.0 = Release|Any CPU
		{2362BC10-65A2-419D-8A41-0FE33FF4FC16}.Debug|Any CPU.ActiveCfg = Debug|Any CPU
		{2362BC10-65A2-419D-8A41-0FE33FF4FC16}.Debug|Any CPU.Build.0 = Debug|Any CPU
		{2362BC10-65A2-419D-8A41-0FE33FF4FC16}.Debug|x64.ActiveCfg = Debug|Any CPU
		{2362BC10-65A2-419D-8A41-0FE33FF4FC16}.Debug|x64.Build.0 = Debug|Any CPU
		{2362BC10-65A2-419D-8A41-0FE33FF4FC16}.Debug|x86.ActiveCfg = Debug|Any CPU
		{2362BC10-65A2-419D-8A41-0FE33FF4FC16}.Debug|x86.Build.0 = Debug|Any CPU
		{2362BC10-65A2-419D-8A41-0FE33FF4FC16}.Release|Any CPU.ActiveCfg = Release|Any CPU
		{2362BC10-65A2-419D-8A41-0FE33FF4FC16}.Release|Any CPU.Build.0 = Release|Any CPU
		{2362BC10-65A2-419D-8A41-0FE33FF4FC16}.Release|x64.ActiveCfg = Release|Any CPU
		{2362BC10-65A2-419D-8A41-0FE33FF4FC16}.Release|x64.Build.0 = Release|Any CPU
		{2362BC10-65A2-419D-8A41-0FE33FF4FC16}.Release|x86.ActiveCfg = Release|Any CPU
		{2362BC10-65A2-419D-8A41-0FE33FF4FC16}.Release|x86.Build.0 = Release|Any CPU
		{BF09262B-4902-4B54-8888-A9BDB65AF0D0}.Debug|Any CPU.ActiveCfg = Debug|Any CPU
		{BF09262B-4902-4B54-8888-A9BDB65AF0D0}.Debug|Any CPU.Build.0 = Debug|Any CPU
		{BF09262B-4902-4B54-8888-A9BDB65AF0D0}.Debug|x64.ActiveCfg = Debug|Any CPU
		{BF09262B-4902-4B54-8888-A9BDB65AF0D0}.Debug|x64.Build.0 = Debug|Any CPU
		{BF09262B-4902-4B54-8888-A9BDB65AF0D0}.Debug|x86.ActiveCfg = Debug|Any CPU
		{BF09262B-4902-4B54-8888-A9BDB65AF0D0}.Debug|x86.Build.0 = Debug|Any CPU
		{BF09262B-4902-4B54-8888-A9BDB65AF0D0}.Release|Any CPU.ActiveCfg = Release|Any CPU
		{BF09262B-4902-4B54-8888-A9BDB65AF0D0}.Release|Any CPU.Build.0 = Release|Any CPU
		{BF09262B-4902-4B54-8888-A9BDB65AF0D0}.Release|x64.ActiveCfg = Release|Any CPU
		{BF09262B-4902-4B54-8888-A9BDB65AF0D0}.Release|x64.Build.0 = Release|Any CPU
		{BF09262B-4902-4B54-8888-A9BDB65AF0D0}.Release|x86.ActiveCfg = Release|Any CPU
		{BF09262B-4902-4B54-8888-A9BDB65AF0D0}.Release|x86.Build.0 = Release|Any CPU
	EndGlobalSection
	GlobalSection(SolutionProperties) = preSolution
		HideSolutionNode = FALSE
	EndGlobalSection
	GlobalSection(ExtensibilityGlobals) = postSolution
		SolutionGuid = {3081FE3D-4374-42FA-9DC3-1E9218CFAA27}
	EndGlobalSection
EndGlobal
